
Microsoft Visual Studio Solution File, Format Version 12.00
# Visual Studio Version 17
VisualStudioVersion = 17.0.31903.59
MinimumVisualStudioVersion = 10.0.40219.1
Project("{2150E333-8FDC-42A3-9474-1A3956D46DE8}") = "backend", "backend", "{5DD26B36-102D-47F1-9009-9867DEA5F8B0}"
EndProject
Project("{FAE04EC0-301F-11D3-BF4B-00C04F79EFBC}") = "WaterProject.API", "backend\WaterProject.API\WaterProject.API.csproj", "{11385F15-9017-4509-B277-04C3B80F2189}"
EndProject
Global
	GlobalSection(SolutionConfigurationPlatforms) = preSolution
		Debug|Any CPU = Debug|Any CPU
		Release|Any CPU = Release|Any CPU
	EndGlobalSection
	GlobalSection(SolutionProperties) = preSolution
		HideSolutionNode = FALSE
	EndGlobalSection
	GlobalSection(ProjectConfigurationPlatforms) = postSolution
		{11385F15-9017-4509-B277-04C3B80F2189}.Debug|Any CPU.ActiveCfg = Debug|Any CPU
		{11385F15-9017-4509-B277-04C3B80F2189}.Debug|Any CPU.Build.0 = Debug|Any CPU
		{11385F15-9017-4509-B277-04C3B80F2189}.Release|Any CPU.ActiveCfg = Release|Any CPU
		{11385F15-9017-4509-B277-04C3B80F2189}.Release|Any CPU.Build.0 = Release|Any CPU
	EndGlobalSection
	GlobalSection(NestedProjects) = preSolution
		{11385F15-9017-4509-B277-04C3B80F2189} = {5DD26B36-102D-47F1-9009-9867DEA5F8B0}
	EndGlobalSection
EndGlobal
